{
  "name": "jsbasic",
  "version": "1.0.0",
  "lockfileVersion": 3,
  "requires": true,
  "packages": {
    "": {
      "name": "jsbasic",
      "version": "1.0.0",
      "license": "MIT",
      "peerDependencies": {
        "basin-script": "file:../basin"
      }
    },
    "../basin": {
      "name": "basin-script",
      "version": "1.0.6",
      "license": "MIT",
      "peer": true
    },
    "node_modules/basin-script": {
      "resolved": "../basin",
      "link": true
    }
  }
}
